// !$*UTF8*$!
{
	archiveVersion = 1;
	classes = {
	};
	objectVersion = 46;
	objects = {

/* Begin PBXBuildFile section */
		FB8F150F1633843400B5D1BC /* perflab.1 in CopyFiles */ = {isa = PBXBuildFile; fileRef = FB8F150E1633843400B5D1BC /* perflab.1 */; };
/* End PBXBuildFile section */

/* Begin PBXCopyFilesBuildPhase section */
		FB8F15061633843400B5D1BC /* CopyFiles */ = {
			isa = PBXCopyFilesBuildPhase;
			buildActionMask = 2147483647;
			dstPath = /usr/share/man/man1/;
			dstSubfolderSpec = 0;
			files = (
				FB8F150F1633843400B5D1BC /* perflab.1 in CopyFiles */,
			);
			runOnlyForDeploymentPostprocessing = 1;
		};
/* End PBXCopyFilesBuildPhase section */

/* Begin PBXFileReference section */
		FB8F15081633843400B5D1BC /* perflab */ = {isa = PBXFileReference; explicitFileType = "compiled.mach-o.executable"; includeInIndex = 0; path = perflab; sourceTree = BUILT_PRODUCTS_DIR; };
		FB8F150E1633843400B5D1BC /* perflab.1 */ = {isa = PBXFileReference; lastKnownFileType = text.man; path = perflab.1; sourceTree = "<group>"; };
		FB8F15191633847900B5D1BC /* cs1300bmp.cc */ = {isa = PBXFileReference; lastKnownFileType = sourcecode.cpp.cpp; path = cs1300bmp.cc; sourceTree = "<group>"; };
		FB8F151A1633847900B5D1BC /* cs1300bmp.h */ = {isa = PBXFileReference; lastKnownFileType = sourcecode.c.h; path = cs1300bmp.h; sourceTree = "<group>"; };
		FB8F151B1633847900B5D1BC /* Filter.cpp */ = {isa = PBXFileReference; lastKnownFileType = sourcecode.cpp.cpp; path = Filter.cpp; sourceTree = "<group>"; };
		FB8F151C1633847900B5D1BC /* Filter.h */ = {isa = PBXFileReference; lastKnownFileType = sourcecode.c.h; path = Filter.h; sourceTree = "<group>"; };
		FB8F151D1633847900B5D1BC /* FilterMain.cpp */ = {isa = PBXFileReference; lastKnownFileType = sourcecode.cpp.cpp; path = FilterMain.cpp; sourceTree = "<group>"; };
		FB8F151E1633847900B5D1BC /* rtdsc.h */ = {isa = PBXFileReference; lastKnownFileType = sourcecode.c.h; path = rtdsc.h; sourceTree = "<group>"; };
/* End PBXFileReference section */

/* Begin PBXFrameworksBuildPhase section */
		FB8F15051633843400B5D1BC /* Frameworks */ = {
			isa = PBXFrameworksBuildPhase;
			buildActionMask = 2147483647;
			files = (
			);
			runOnlyForDeploymentPostprocessing = 0;
		};
/* End PBXFrameworksBuildPhase section */

/* Begin PBXGroup section */
		FB8F14FD1633843400B5D1BC = {
			isa = PBXGroup;
			children = (
				FB8F150B1633843400B5D1BC /* perflab */,
				FB8F15091633843400B5D1BC /* Products */,
			);
			sourceTree = "<group>";
		};
		FB8F15091633843400B5D1BC /* Products */ = {
			isa = PBXGroup;
			children = (
				FB8F15081633843400B5D1BC /* perflab */,
			);
			name = Products;
			sourceTree = "<group>";
		};
		FB8F150B1633843400B5D1BC /* perflab */ = {
			isa = PBXGroup;
			children = (
				FB8F15191633847900B5D1BC /* cs1300bmp.cc */,
				FB8F151A1633847900B5D1BC /* cs1300bmp.h */,
				FB8F151B1633847900B5D1BC /* Filter.cpp */,
				FB8F151C1633847900B5D1BC /* Filter.h */,
				FB8F151D1633847900B5D1BC /* FilterMain.cpp */,
				FB8F151E1633847900B5D1BC /* rtdsc.h */,
				FB8F150E1633843400B5D1BC /* perflab.1 */,
			);
			path = perflab;
			sourceTree = "<group>";
		};
/* End PBXGroup section */

/* Begin PBXNativeTarget section */
		FB8F15071633843400B5D1BC /* perflab */ = {
			isa = PBXNativeTarget;
			buildConfigurationList = FB8F15121633843400B5D1BC /* Build configuration list for PBXNativeTarget "perflab" */;
			buildPhases = (
				FB8F15041633843400B5D1BC /* Sources */,
				FB8F15051633843400B5D1BC /* Frameworks */,
				FB8F15061633843400B5D1BC /* CopyFiles */,
			);
			buildRules = (
			);
			dependencies = (
			);
			name = perflab;
			productName = perflab;
			productReference = FB8F15081633843400B5D1BC /* perflab */;
			productType = "com.apple.product-type.tool";
		};
/* End PBXNativeTarget section */

/* Begin PBXProject section */
		FB8F14FF1633843400B5D1BC /* Project object */ = {
			isa = PBXProject;
			attributes = {
				LastUpgradeCheck = 0440;
				ORGANIZATIONNAME = "Connor Boyd";
			};
			buildConfigurationList = FB8F15021633843400B5D1BC /* Build configuration list for PBXProject "perflab" */;
			compatibilityVersion = "Xcode 3.2";
			developmentRegion = English;
			hasScannedForEncodings = 0;
			knownRegions = (
				en,
			);
			mainGroup = FB8F14FD1633843400B5D1BC;
			productRefGroup = FB8F15091633843400B5D1BC /* Products */;
			projectDirPath = "";
			projectRoot = "";
			targets = (
				FB8F15071633843400B5D1BC /* perflab */,
			);
		};
/* End PBXProject section */

/* Begin PBXSourcesBuildPhase section */
		FB8F15041633843400B5D1BC /* Sources */ = {
			isa = PBXSourcesBuildPhase;
			buildActionMask = 2147483647;
			files = (
			);
			runOnlyForDeploymentPostprocessing = 0;
		};
/* End PBXSourcesBuildPhase section */

/* Begin XCBuildConfiguration section */
		FB8F15101633843400B5D1BC /* Debug */ = {
			isa = XCBuildConfiguration;
			buildSettings = {
				ALWAYS_SEARCH_USER_PATHS = NO;
				ARCHS = "$(ARCHS_STANDARD_64_BIT)";
				CLANG_CXX_LANGUAGE_STANDARD = "gnu++0x";
				CLANG_WARN__DUPLICATE_METHOD_MATCH = YES;
				COPY_PHASE_STRIP = NO;
				GCC_C_LANGUAGE_STANDARD = gnu99;
				GCC_DYNAMIC_NO_PIC = NO;
				GCC_ENABLE_OBJC_EXCEPTIONS = YES;
				GCC_OPTIMIZATION_LEVEL = 0;
				GCC_PREPROCESSOR_DEFINITIONS = (
					"DEBUG=1",
					"$(inherited)",
				);
				GCC_SYMBOLS_PRIVATE_EXTERN = NO;
				GCC_WARN_64_TO_32_BIT_CONVERSION = YES;
				GCC_WARN_ABOUT_RETURN_TYPE = YES;
				GCC_WARN_UNINITIALIZED_AUTOS = YES;
				GCC_WARN_UNUSED_VARIABLE = YES;
				MACOSX_DEPLOYMENT_TARGET = 10.8;
				ONLY_ACTIVE_ARCH = YES;
				SDKROOT = macosx;
			};
			name = Debug;
		};
		FB8F15111633843400B5D1BC /* Release */ = {
			isa = XCBuildConfiguration;
			buildSettings = {
				ALWAYS_SEARCH_USER_PATHS = NO;
				ARCHS = "$(ARCHS_STANDARD_64_BIT)";
				CLANG_CXX_LANGUAGE_STANDARD = "gnu++0x";
				CLANG_WARN__DUPLICATE_METHOD_MATCH = YES;
				COPY_PHASE_STRIP = YES;
				DEBUG_INFORMATION_FORMAT = "dwarf-with-dsym";
				GCC_C_LANGUAGE_STANDARD = gnu99;
				GCC_ENABLE_OBJC_EXCEPTIONS = YES;
				GCC_WARN_64_TO_32_BIT_CONVERSION = YES;
				GCC_WARN_ABOUT_RETURN_TYPE = YES;
				GCC_WARN_UNINITIALIZED_AUTOS = YES;
				GCC_WARN_UNUSED_VARIABLE = YES;
				MACOSX_DEPLOYMENT_TARGET = 10.8;
				SDKROOT = macosx;
			};
			name = Release;
		};
		FB8F15131633843400B5D1BC /* Debug */ = {
			isa = XCBuildConfiguration;
			buildSettings = {
				PRODUCT_NAME = "$(TARGET_NAME)";
			};
			name = Debug;
		};
		FB8F15141633843400B5D1BC /* Release */ = {
			isa = XCBuildConfiguration;
			buildSettings = {
				PRODUCT_NAME = "$(TARGET_NAME)";
			};
			name = Release;
		};
/* End XCBuildConfiguration section */

/* Begin XCConfigurationList section */
		FB8F15021633843400B5D1BC /* Build configuration list for PBXProject "perflab" */ = {
			isa = XCConfigurationList;
			buildConfigurations = (
				FB8F15101633843400B5D1BC /* Debug */,
				FB8F15111633843400B5D1BC /* Release */,
			);
			defaultConfigurationIsVisible = 0;
			defaultConfigurationName = Release;
		};
		FB8F15121633843400B5D1BC /* Build configuration list for PBXNativeTarget "perflab" */ = {
			isa = XCConfigurationList;
			buildConfigurations = (
				FB8F15131633843400B5D1BC /* Debug */,
				FB8F15141633843400B5D1BC /* Release */,
			);
			defaultConfigurationIsVisible = 0;
			defaultConfigurationName = Release;
		};
/* End XCConfigurationList section */
	};
	rootObject = FB8F14FF1633843400B5D1BC /* Project object */;
}
